version = 1
revision = 3
requires-python = ">=3.11"

[[package]]
name = "asciichart"
version = "0.1"
source = { registry = "https://pypi.org/simple" }
sdist = { url = "https://files.pythonhosted.org/packages/a2/ce/08c5e898f34f16bc45f4fe85c9f3c42ee959c5dc606af77829abb2b8e0b2/asciichart-0.1.zip", hash = "sha256:bc6c99a9725fb27522cf7200534c74c3a82dd617485ad72cfd00a4210b164922", size = 1733, upload-time = "2016-09-12T22:35:33.945Z" }

[[package]]
name = "narwhals"
version = "2.23.0"
source = { registry = "https://pypi.org/simple" }
sdist = { url = "https://files.pythonhosted.org/packages/e8/ac/66ed1fc6e38a0c0f330627ec5c5d597990d6159b6712b82af0ad2c65f06c/narwhals-2.23.0.tar.gz", hash = "sha256:13e7ff5b4bb4a2f77b907c2e4d8a76e273dfc1323a3c997440a2f9fd26aed408", size = 656209, upload-time = "2026-07-01T11:21:53.278Z" }
wheels = [
    { url = "https://files.pythonhosted.org/packages/f4/4e/afc8c31605cb8be1d3bb4438c4d979daa104dab6306cd2b87abe9c3a7299/narwhals-2.23.0-py3-none-any.whl", hash = "sha256:769e7b9ab102c93d8fa019f6b4cd1a657909b04a20bf6210e5a35aae06814ae9", size = 458938, upload-time = "2026-07-01T11:21:51.677Z" },
]

[[package]]
name = "packaging"
version = "26.2"
source = { registry = "https://pypi.org/simple" }
sdist = { url = "https://files.pythonhosted.org/packages/d7/f1/e7a6dd94a8d4a5626c03e4e99c87f241ba9e350cd9e6d75123f992427270/packaging-26.2.tar.gz", hash = "sha256:ff452ff5a3e828ce110190feff1178bb1f2ea2281fa2075aadb987c2fb221661", size = 228134, upload-time = "2026-04-24T20:15:23.917Z" }
wheels = [
    { url = "https://files.pythonhosted.org/packages/df/b2/87e62e8c3e2f4b32e5fe99e0b86d576da1312593b39f47d8ceef365e95ed/packaging-26.2-py3-none-any.whl", hash = "sha256:5fc45236b9446107ff2415ce77c807cee2862cb6fac22b8a73826d0693b0980e", size = 100195, upload-time = "2026-04-24T20:15:22.081Z" },
]

[[package]]
name = "plotly"
version = "6.8.0"
source = { registry = "https://pypi.org/simple" }
dependencies = [
    { name = "narwhals" },
    { name = "packaging" },
]
sdist = { url = "https://files.pythonhosted.org/packages/94/fd/d72c292d78aadb93d1a9bcd76bf3c678271040c7cf10abe5788b33040a39/plotly-6.8.0.tar.gz", hash = "sha256:e088e7ddc68d4f70e3d66659224727a45296d71d2b8284181862d3d8f1f0d88f", size = 6915161, upload-time = "2026-06-03T18:33:40.226Z" }
wheels = [
    { url = "https://files.pythonhosted.org/packages/f9/14/abe5ce876ab5b66ee3c691bf537fcd43d037aea55d447aacf74630a8f31e/plotly-6.8.0-py3-none-any.whl", hash = "sha256:13c5c4a0f70b74cab1913eda0de49b826df5931708eb6f9c3010040614700ec8", size = 9902055, upload-time = "2026-06-03T18:33:34.26Z" },
]

[[package]]
name = "trading-analysis"
version = "0.1.0"
source = { editable = "." }
dependencies = [
    { name = "asciichart" },
    { name = "plotly" },
]

[package.metadata]
requires-dist = [
    { name = "asciichart", specifier = ">=0.1" },
    { name = "plotly", specifier = ">=5.24" },
]
